
Microsoft Visual Studio Solution File, Format Version 12.00
# Visual Studio Version 17
VisualStudioVersion = 17.7.34202.233
MinimumVisualStudioVersion = 10.0.40219.1
Project("{00D1A9C2-B5F0-4AF3-8072-F6C62B433612}") = "WebMaruim.DataBase", "WebMaruim.DataBase\WebMaruim.DataBase.sqlproj", "{DF325F3C-B0A4-4D0C-9938-326941FFA07E}"
EndProject
Global
	GlobalSection(SolutionConfigurationPlatforms) = preSolution
		Debug|Any CPU = Debug|Any CPU
		Release|Any CPU = Release|Any CPU
	EndGlobalSection
	GlobalSection(ProjectConfigurationPlatforms) = postSolution
		{DF325F3C-B0A4-4D0C-9938-326941FFA07E}.Debug|Any CPU.ActiveCfg = Debug|Any CPU
		{DF325F3C-B0A4-4D0C-9938-326941FFA07E}.Debug|Any CPU.Build.0 = Debug|Any CPU
		{DF325F3C-B0A4-4D0C-9938-326941FFA07E}.Debug|Any CPU.Deploy.0 = Debug|Any CPU
		{DF325F3C-B0A4-4D0C-9938-326941FFA07E}.Release|Any CPU.ActiveCfg = Release|Any CPU
		{DF325F3C-B0A4-4D0C-9938-326941FFA07E}.Release|Any CPU.Build.0 = Release|Any CPU
		{DF325F3C-B0A4-4D0C-9938-326941FFA07E}.Release|Any CPU.Deploy.0 = Release|Any CPU
	EndGlobalSection
	GlobalSection(SolutionProperties) = preSolution
		HideSolutionNode = FALSE
	EndGlobalSection
	GlobalSection(ExtensibilityGlobals) = postSolution
		SolutionGuid = {4EE0A55F-5F59-4654-8A58-FED90F270C9A}
	EndGlobalSection
EndGlobal
